// !$*UTF8*$!
{
	archiveVersion = 1;
	classes = {
	};
	objectVersion = 46;
	objects = {

/* Begin PBXBuildFile section */
		78B86EE01C580A2D003EF89F /* AppDelegate.swift in Sources */ = {isa = PBXBuildFile; fileRef = 78B86EDF1C580A2D003EF89F /* AppDelegate.swift */; };
		78B86EE21C580A2D003EF89F /* ViewController.swift in Sources */ = {isa = PBXBuildFile; fileRef = 78B86EE11C580A2D003EF89F /* ViewController.swift */; };
		78B86EE51C580A2D003EF89F /* Main.storyboard in Resources */ = {isa = PBXBuildFile; fileRef = 78B86EE31C580A2D003EF89F /* Main.storyboard */; };
		78B86EE71C580A2D003EF89F /* Assets.xcassets in Resources */ = {isa = PBXBuildFile; fileRef = 78B86EE61C580A2D003EF89F /* Assets.xcassets */; };
		78B86EEA1C580A2D003EF89F /* LaunchScreen.storyboard in Resources */ = {isa = PBXBuildFile; fileRef = 78B86EE81C580A2D003EF89F /* LaunchScreen.storyboard */; };
		B1AF2424DC19FCE44ADE8782 /* Pods_FoursquareDemo.framework in Frameworks */ = {isa = PBXBuildFile; fileRef = 9F3435EF2FA032C4EB3A543B /* Pods_FoursquareDemo.framework */; };
/* End PBXBuildFile section */

/* Begin PBXFileReference section */
		39B003322FD66C9A9DD7F407 /* Pods-FoursquareDemo.debug.xcconfig */ = {isa = PBXFileReference; includeInIndex = 1; lastKnownFileType = text.xcconfig; name = "Pods-FoursquareDemo.debug.xcconfig"; path = "Pods/Target Support Files/Pods-FoursquareDemo/Pods-FoursquareDemo.debug.xcconfig"; sourceTree = "<group>"; };
		78B86EDC1C580A2D003EF89F /* FoursquareDemo.app */ = {isa = PBXFileReference; explicitFileType = wrapper.application; includeInIndex = 0; path = FoursquareDemo.app; sourceTree = BUILT_PRODUCTS_DIR; };
		78B86EDF1C580A2D003EF89F /* AppDelegate.swift */ = {isa = PBXFileReference; lastKnownFileType = sourcecode.swift; path = AppDelegate.swift; sourceTree = "<group>"; };
		78B86EE11C580A2D003EF89F /* ViewController.swift */ = {isa = PBXFileReference; lastKnownFileType = sourcecode.swift; path = ViewController.swift; sourceTree = "<group>"; };
		78B86EE41C580A2D003EF89F /* Base */ = {isa = PBXFileReference; lastKnownFileType = file.storyboard; name = Base; path = Base.lproj/Main.storyboard; sourceTree = "<group>"; };
		78B86EE61C580A2D003EF89F /* Assets.xcassets */ = {isa = PBXFileReference; lastKnownFileType = folder.assetcatalog; path = Assets.xcassets; sourceTree = "<group>"; };
		78B86EE91C580A2D003EF89F /* Base */ = {isa = PBXFileReference; lastKnownFileType = file.storyboard; name = Base; path = Base.lproj/LaunchScreen.storyboard; sourceTree = "<group>"; };
		78B86EEB1C580A2D003EF89F /* Info.plist */ = {isa = PBXFileReference; lastKnownFileType = text.plist.xml; path = Info.plist; sourceTree = "<group>"; };
		9F3435EF2FA032C4EB3A543B /* Pods_FoursquareDemo.framework */ = {isa = PBXFileReference; explicitFileType = wrapper.framework; includeInIndex = 0; path = Pods_FoursquareDemo.framework; sourceTree = BUILT_PRODUCTS_DIR; };
		AA634236888B9C2FD4BF96AD /* Pods-FoursquareDemo.release.xcconfig */ = {isa = PBXFileReference; includeInIndex = 1; lastKnownFileType = text.xcconfig; name = "Pods-FoursquareDemo.release.xcconfig"; path = "Pods/Target Support Files/Pods-FoursquareDemo/Pods-FoursquareDemo.release.xcconfig"; sourceTree = "<group>"; };
/* End PBXFileReference section */

/* Begin PBXFrameworksBuildPhase section */
		78B86ED91C580A2D003EF89F /* Frameworks */ = {
			isa = PBXFrameworksBuildPhase;
			buildActionMask = 2147483647;
			files = (
				B1AF2424DC19FCE44ADE8782 /* Pods_FoursquareDemo.framework in Frameworks */,
			);
			runOnlyForDeploymentPostprocessing = 0;
		};
/* End PBXFrameworksBuildPhase section */

/* Begin PBXGroup section */
		0C2B72FFEF6B63891901A18A /* Pods */ = {
			isa = PBXGroup;
			children = (
				39B003322FD66C9A9DD7F407 /* Pods-FoursquareDemo.debug.xcconfig */,
				AA634236888B9C2FD4BF96AD /* Pods-FoursquareDemo.release.xcconfig */,
			);
			name = Pods;
			sourceTree = "<group>";
		};
		78B86ED31C580A2D003EF89F = {
			isa = PBXGroup;
			children = (
				78B86EDE1C580A2D003EF89F /* FoursquareDemo */,
				78B86EDD1C580A2D003EF89F /* Products */,
				0C2B72FFEF6B63891901A18A /* Pods */,
				E0D551BDB36E9A95FA20C8D3 /* Frameworks */,
			);
			sourceTree = "<group>";
		};
		78B86EDD1C580A2D003EF89F /* Products */ = {
			isa = PBXGroup;
			children = (
				78B86EDC1C580A2D003EF89F /* FoursquareDemo.app */,
			);
			name = Products;
			sourceTree = "<group>";
		};
		78B86EDE1C580A2D003EF89F /* FoursquareDemo */ = {
			isa = PBXGroup;
			children = (
				78B86EDF1C580A2D003EF89F /* AppDelegate.swift */,
				78B86EE11C580A2D003EF89F /* ViewController.swift */,
				78B86EE31C580A2D003EF89F /* Main.storyboard */,
				78B86EE61C580A2D003EF89F /* Assets.xcassets */,
				78B86EE81C580A2D003EF89F /* LaunchScreen.storyboard */,
				78B86EEB1C580A2D003EF89F /* Info.plist */,
			);
			path = FoursquareDemo;
			sourceTree = "<group>";
		};
		E0D551BDB36E9A95FA20C8D3 /* Frameworks */ = {
			isa = PBXGroup;
			children = (
				9F3435EF2FA032C4EB3A543B /* Pods_FoursquareDemo.framework */,
			);
			name = Frameworks;
			sourceTree = "<group>";
		};
/* End PBXGroup section */

/* Begin PBXNativeTarget section */
		78B86EDB1C580A2D003EF89F /* FoursquareDemo */ = {
			isa = PBXNativeTarget;
			buildConfigurationList = 78B86EEE1C580A2D003EF89F /* Build configuration list for PBXNativeTarget "FoursquareDemo" */;
			buildPhases = (
				56EB6B1BE4B4C73EF5844C42 /* Check Pods Manifest.lock */,
				78B86ED81C580A2D003EF89F /* Sources */,
				78B86ED91C580A2D003EF89F /* Frameworks */,
				78B86EDA1C580A2D003EF89F /* Resources */,
				E6BC0B4AB776ECF906E7A6EE /* Embed Pods Frameworks */,
				5CD0EF36AEE629CC7EF5B74D /* Copy Pods Resources */,
			);
			buildRules = (
			);
			dependencies = (
			);
			name = FoursquareDemo;
			productName = FoursquareDemo;
			productReference = 78B86EDC1C580A2D003EF89F /* FoursquareDemo.app */;
			productType = "com.apple.product-type.application";
		};
/* End PBXNativeTarget section */

/* Begin PBXProject section */
		78B86ED41C580A2D003EF89F /* Project object */ = {
			isa = PBXProject;
			attributes = {
				LastSwiftUpdateCheck = 0720;
				LastUpgradeCheck = 0720;
				ORGANIZATIONNAME = TestIO;
				TargetAttributes = {
					78B86EDB1C580A2D003EF89F = {
						CreatedOnToolsVersion = 7.2;
					};
				};
			};
			buildConfigurationList = 78B86ED71C580A2D003EF89F /* Build configuration list for PBXProject "FoursquareDemo" */;
			compatibilityVersion = "Xcode 3.2";
			developmentRegion = English;
			hasScannedForEncodings = 0;
			knownRegions = (
				en,
				Base,
			);
			mainGroup = 78B86ED31C580A2D003EF89F;
			productRefGroup = 78B86EDD1C580A2D003EF89F /* Products */;
			projectDirPath = "";
			projectRoot = "";
			targets = (
				78B86EDB1C580A2D003EF89F /* FoursquareDemo */,
			);
		};
/* End PBXProject section */

/* Begin PBXResourcesBuildPhase section */
		78B86EDA1C580A2D003EF89F /* Resources */ = {
			isa = PBXResourcesBuildPhase;
			buildActionMask = 2147483647;
			files = (
				78B86EEA1C580A2D003EF89F /* LaunchScreen.storyboard in Resources */,
				78B86EE71C580A2D003EF89F /* Assets.xcassets in Resources */,
				78B86EE51C580A2D003EF89F /* Main.storyboard in Resources */,
			);
			runOnlyForDeploymentPostprocessing = 0;
		};
/* End PBXResourcesBuildPhase section */

/* Begin PBXShellScriptBuildPhase section */
		56EB6B1BE4B4C73EF5844C42 /* Check Pods Manifest.lock */ = {
			isa = PBXShellScriptBuildPhase;
			buildActionMask = 2147483647;
			files = (
			);
			inputPaths = (
			);
			name = "Check Pods Manifest.lock";
			outputPaths = (
			);
			runOnlyForDeploymentPostprocessing = 0;
			shellPath = /bin/sh;
			shellScript = "diff \"${PODS_ROOT}/../Podfile.lock\" \"${PODS_ROOT}/Manifest.lock\" > /dev/null\nif [[ $? != 0 ]] ; then\n    cat << EOM\nerror: The sandbox is not in sync with the Podfile.lock. Run 'pod install' or update your CocoaPods installation.\nEOM\n    exit 1\nfi\n";
			showEnvVarsInLog = 0;
		};
		5CD0EF36AEE629CC7EF5B74D /* Copy Pods Resources */ = {
			isa = PBXShellScriptBuildPhase;
			buildActionMask = 2147483647;
			files = (
			);
			inputPaths = (
			);
			name = "Copy Pods Resources";
			outputPaths = (
			);
			runOnlyForDeploymentPostprocessing = 0;
			shellPath = /bin/sh;
			shellScript = "\"${SRCROOT}/Pods/Target Support Files/Pods-FoursquareDemo/Pods-FoursquareDemo-resources.sh\"\n";
			showEnvVarsInLog = 0;
		};
		E6BC0B4AB776ECF906E7A6EE /* Embed Pods Frameworks */ = {
			isa = PBXShellScriptBuildPhase;
			buildActionMask = 2147483647;
			files = (
			);
			inputPaths = (
			);
			name = "Embed Pods Frameworks";
			outputPaths = (
			);
			runOnlyForDeploymentPostprocessing = 0;
			shellPath = /bin/sh;
			shellScript = "\"${SRCROOT}/Pods/Target Support Files/Pods-FoursquareDemo/Pods-FoursquareDemo-frameworks.sh\"\n";
			showEnvVarsInLog = 0;
		};
/* End PBXShellScriptBuildPhase section */

/* Begin PBXSourcesBuildPhase section */
		78B86ED81C580A2D003EF89F /* Sources */ = {
			isa = PBXSourcesBuildPhase;
			buildActionMask = 2147483647;
			files = (
				78B86EE21C580A2D003EF89F /* ViewController.swift in Sources */,
				78B86EE01C580A2D003EF89F /* AppDelegate.swift in Sources */,
			);
			runOnlyForDeploymentPostprocessing = 0;
		};
/* End PBXSourcesBuildPhase section */

/* Begin PBXVariantGroup section */
		78B86EE31C580A2D003EF89F /* Main.storyboard */ = {
			isa = PBXVariantGroup;
			children = (
				78B86EE41C580A2D003EF89F /* Base */,
			);
			name = Main.storyboard;
			sourceTree = "<group>";
		};
		78B86EE81C580A2D003EF89F /* LaunchScreen.storyboard */ = {
			isa = PBXVariantGroup;
			children = (
				78B86EE91C580A2D003EF89F /* Base */,
			);
			name = LaunchScreen.storyboard;
			sourceTree = "<group>";
		};
/* End PBXVariantGroup section */

/* Begin XCBuildConfiguration section */
		78B86EEC1C580A2D003EF89F /* Debug */ = {
			isa = XCBuildConfiguration;
			buildSettings = {
				ALWAYS_SEARCH_USER_PATHS = NO;
				CLANG_CXX_LANGUAGE_STANDARD = "gnu++0x";
				CLANG_CXX_LIBRARY = "libc++";
				CLANG_ENABLE_MODULES = YES;
				CLANG_ENABLE_OBJC_ARC = YES;
				CLANG_WARN_BOOL_CONVERSION = YES;
				CLANG_WARN_CONSTANT_CONVERSION = YES;
				CLANG_WARN_DIRECT_OBJC_ISA_USAGE = YES_ERROR;
				CLANG_WARN_EMPTY_BODY = YES;
				CLANG_WARN_ENUM_CONVERSION = YES;
				CLANG_WARN_INT_CONVERSION = YES;
				CLANG_WARN_OBJC_ROOT_CLASS = YES_ERROR;
				CLANG_WARN_UNREACHABLE_CODE = YES;
				CLANG_WARN__DUPLICATE_METHOD_MATCH = YES;
				"CODE_SIGN_IDENTITY[sdk=iphoneos*]" = "iPhone Developer";
				COPY_PHASE_STRIP = NO;
				DEBUG_INFORMATION_FORMAT = dwarf;
				ENABLE_STRICT_OBJC_MSGSEND = YES;
				ENABLE_TESTABILITY = YES;
				GCC_C_LANGUAGE_STANDARD = gnu99;
				GCC_DYNAMIC_NO_PIC = NO;
				GCC_NO_COMMON_BLOCKS = YES;
				GCC_OPTIMIZATION_LEVEL = 0;
				GCC_PREPROCESSOR_DEFINITIONS = (
					"DEBUG=1",
					"$(inherited)",
				);
				GCC_WARN_64_TO_32_BIT_CONVERSION = YES;
				GCC_WARN_ABOUT_RETURN_TYPE = YES_ERROR;
				GCC_WARN_UNDECLARED_SELECTOR = YES;
				GCC_WARN_UNINITIALIZED_AUTOS = YES_AGGRESSIVE;
				GCC_WARN_UNUSED_FUNCTION = YES;
				GCC_WARN_UNUSED_VARIABLE = YES;
				IPHONEOS_DEPLOYMENT_TARGET = 9.2;
				MTL_ENABLE_DEBUG_INFO = YES;
				ONLY_ACTIVE_ARCH = YES;
				SDKROOT = iphoneos;
				SWIFT_OPTIMIZATION_LEVEL = "-Onone";
			};
			name = Debug;
		};
		78B86EED1C580A2D003EF89F /* Release */ = {
			isa = XCBuildConfiguration;
			buildSettings = {
				ALWAYS_SEARCH_USER_PATHS = NO;
				CLANG_CXX_LANGUAGE_STANDARD = "gnu++0x";
				CLANG_CXX_LIBRARY = "libc++";
				CLANG_ENABLE_MODULES = YES;
				CLANG_ENABLE_OBJC_ARC = YES;
				CLANG_WARN_BOOL_CONVERSION = YES;
				CLANG_WARN_CONSTANT_CONVERSION = YES;
				CLANG_WARN_DIRECT_OBJC_ISA_USAGE = YES_ERROR;
				CLANG_WARN_EMPTY_BODY = YES;
				CLANG_WARN_ENUM_CONVERSION = YES;
				CLANG_WARN_INT_CONVERSION = YES;
				CLANG_WARN_OBJC_ROOT_CLASS = YES_ERROR;
				CLANG_WARN_UNREACHABLE_CODE = YES;
				CLANG_WARN__DUPLICATE_METHOD_MATCH = YES;
				"CODE_SIGN_IDENTITY[sdk=iphoneos*]" = "iPhone Developer";
				COPY_PHASE_STRIP = NO;
				DEBUG_INFORMATION_FORMAT = "dwarf-with-dsym";
				ENABLE_NS_ASSERTIONS = NO;
				ENABLE_STRICT_OBJC_MSGSEND = YES;
				GCC_C_LANGUAGE_STANDARD = gnu99;
				GCC_NO_COMMON_BLOCKS = YES;
				GCC_WARN_64_TO_32_BIT_CONVERSION = YES;
				GCC_WARN_ABOUT_RETURN_TYPE = YES_ERROR;
				GCC_WARN_UNDECLARED_SELECTOR = YES;
				GCC_WARN_UNINITIALIZED_AUTOS = YES_AGGRESSIVE;
				GCC_WARN_UNUSED_FUNCTION = YES;
				GCC_WARN_UNUSED_VARIABLE = YES;
				IPHONEOS_DEPLOYMENT_TARGET = 9.2;
				MTL_ENABLE_DEBUG_INFO = NO;
				SDKROOT = iphoneos;
				VALIDATE_PRODUCT = YES;
			};
			name = Release;
		};
		78B86EEF1C580A2D003EF89F /* Debug */ = {
			isa = XCBuildConfiguration;
			baseConfigurationReference = 39B003322FD66C9A9DD7F407 /* Pods-FoursquareDemo.debug.xcconfig */;
			buildSettings = {
				ASSETCATALOG_COMPILER_APPICON_NAME = AppIcon;
				INFOPLIST_FILE = FoursquareDemo/Info.plist;
				LD_RUNPATH_SEARCH_PATHS = "$(inherited) @executable_path/Frameworks";
				PRODUCT_BUNDLE_IDENTIFIER = io.test.FoursquareDemo;
				PRODUCT_NAME = "$(TARGET_NAME)";
			};
			name = Debug;
		};
		78B86EF01C580A2D003EF89F /* Release */ = {
			isa = XCBuildConfiguration;
			baseConfigurationReference = AA634236888B9C2FD4BF96AD /* Pods-FoursquareDemo.release.xcconfig */;
			buildSettings = {
				ASSETCATALOG_COMPILER_APPICON_NAME = AppIcon;
				INFOPLIST_FILE = FoursquareDemo/Info.plist;
				LD_RUNPATH_SEARCH_PATHS = "$(inherited) @executable_path/Frameworks";
				PRODUCT_BUNDLE_IDENTIFIER = io.test.FoursquareDemo;
				PRODUCT_NAME = "$(TARGET_NAME)";
			};
			name = Release;
		};
/* End XCBuildConfiguration section */

/* Begin XCConfigurationList section */
		78B86ED71C580A2D003EF89F /* Build configuration list for PBXProject "FoursquareDemo" */ = {
			isa = XCConfigurationList;
			buildConfigurations = (
				78B86EEC1C580A2D003EF89F /* Debug */,
				78B86EED1C580A2D003EF89F /* Release */,
			);
			defaultConfigurationIsVisible = 0;
			defaultConfigurationName = Release;
		};
		78B86EEE1C580A2D003EF89F /* Build configuration list for PBXNativeTarget "FoursquareDemo" */ = {
			isa = XCConfigurationList;
			buildConfigurations = (
				78B86EEF1C580A2D003EF89F /* Debug */,
				78B86EF01C580A2D003EF89F /* Release */,
			);
			defaultConfigurationIsVisible = 0;
			defaultConfigurationName = Release;
		};
/* End XCConfigurationList section */
	};
	rootObject = 78B86ED41C580A2D003EF89F /* Project object */;
}
